
Microsoft Visual Studio Solution File, Format Version 12.00
# Visual Studio 15
VisualStudioVersion = 15.0.26730.3
MinimumVisualStudioVersion = 10.0.40219.1
Project("{FAE04EC0-301F-11D3-BF4B-00C04F79EFBC}") = "340GUI", "340GUI\340GUI.csproj", "{76CE3259-76A9-491A-ADA1-0F2025C0EAC0}"
EndProject
Project("{2150E333-8FDC-42A3-9474-1A3956D46DE8}") = "Solution Items", "Solution Items", "{5499DED5-874F-493B-B772-3F45C4A26632}"
EndProject
Project("{FAE04EC0-301F-11D3-BF4B-00C04F79EFBC}") = "PAG340MiddleWare", "PAG340MiddleWare\PAG340MiddleWare.csproj", "{C7318192-2D0C-472E-A318-6902609CF136}"
EndProject
Project("{FAE04EC0-301F-11D3-BF4B-00C04F79EFBC}") = "LICDatabaseImport", "LICDatabaseImport\LICDatabaseImport.csproj", "{1F01793D-4573-453E-8F94-9D42182A9F9A}"
EndProject
Global
	GlobalSection(SolutionConfigurationPlatforms) = preSolution
		Debug|Any CPU = Debug|Any CPU
		Release|Any CPU = Release|Any CPU
	EndGlobalSection
	GlobalSection(ProjectConfigurationPlatforms) = postSolution
		{76CE3259-76A9-491A-ADA1-0F2025C0EAC0}.Debug|Any CPU.ActiveCfg = Debug|Any CPU
		{76CE3259-76A9-491A-ADA1-0F2025C0EAC0}.Debug|Any CPU.Build.0 = Debug|Any CPU
		{76CE3259-76A9-491A-ADA1-0F2025C0EAC0}.Release|Any CPU.ActiveCfg = Release|Any CPU
		{76CE3259-76A9-491A-ADA1-0F2025C0EAC0}.Release|Any CPU.Build.0 = Release|Any CPU
		{C7318192-2D0C-472E-A318-6902609CF136}.Debug|Any CPU.ActiveCfg = Debug|Any CPU
		{C7318192-2D0C-472E-A318-6902609CF136}.Debug|Any CPU.Build.0 = Debug|Any CPU
		{C7318192-2D0C-472E-A318-6902609CF136}.Release|Any CPU.ActiveCfg = Release|Any CPU
		{C7318192-2D0C-472E-A318-6902609CF136}.Release|Any CPU.Build.0 = Release|Any CPU
		{1F01793D-4573-453E-8F94-9D42182A9F9A}.Debug|Any CPU.ActiveCfg = Debug|Any CPU
		{1F01793D-4573-453E-8F94-9D42182A9F9A}.Debug|Any CPU.Build.0 = Debug|Any CPU
		{1F01793D-4573-453E-8F94-9D42182A9F9A}.Release|Any CPU.ActiveCfg = Release|Any CPU
		{1F01793D-4573-453E-8F94-9D42182A9F9A}.Release|Any CPU.Build.0 = Release|Any CPU
	EndGlobalSection
	GlobalSection(SolutionProperties) = preSolution
		HideSolutionNode = FALSE
	EndGlobalSection
	GlobalSection(ExtensibilityGlobals) = postSolution
		SolutionGuid = {0351B700-CE25-4238-B77C-F608750D76B3}
	EndGlobalSection
EndGlobal
